schema: '2.0'
stages:
  data_cleaning:
    cmd: python data_cleaning.py
    deps:
    - path: data/Music Info.csv
      hash: md5
      md5: e63b74919a3cdada5c804df4666391c9
      size: 14985870
    - path: data_cleaning.py
      hash: md5
      md5: fb6ac8b35a236f5ff6c52af5c736a59f
      size: 757
    outs:
    - path: data/cleaned_data.csv
      hash: md5
      md5: b5e99f8fcf0e54fa347c97490c779d67
      size: 13709636
  transform_data:
    cmd: python content_based_filtering.py
    deps:
    - path: content_based_filtering.py
      hash: md5
      md5: 96a2be01cb7e548f21b62c8112c6f20b
      size: 3431
    - path: data/cleaned_data.csv
      hash: md5
      md5: b5e99f8fcf0e54fa347c97490c779d67
      size: 13709636
    - path: data_cleaning.py
      hash: md5
      md5: fb6ac8b35a236f5ff6c52af5c736a59f
      size: 757
    outs:
    - path: data/transformed_data.npz
      hash: md5
      md5: 360ef7c1d4a70f1bf68bbd123ccd3ee1
      size: 4522771
    - path: transformer.joblib
      hash: md5
      md5: 613631f79305abc3fa9edcbf4a75493b
      size: 133929
